
Microsoft Visual Studio Solution File, Format Version 12.00
# Visual Studio Version 16
VisualStudioVersion = 16.0.30517.126
MinimumVisualStudioVersion = 10.0.40219.1
Project("{FAE04EC0-301F-11D3-BF4B-00C04F79EFBC}") = "CalculatorSeleniumTest", "CalculatorSeleniumTest\CalculatorSeleniumTest.csproj", "{B24EE721-6412-445D-A1A3-E181C640D777}"
EndProject
Project("{FAE04EC0-301F-11D3-BF4B-00C04F79EFBC}") = "CalculatorTestWithSelenium", "CalculatorTestWithSelenium\CalculatorTestWithSelenium.csproj", "{B49EE401-E816-40BE-BA37-13233D229B28}"
EndProject
Global
	GlobalSection(SolutionConfigurationPlatforms) = preSolution
		Debug|Any CPU = Debug|Any CPU
		Release|Any CPU = Release|Any CPU
	EndGlobalSection
	GlobalSection(ProjectConfigurationPlatforms) = postSolution
		{B24EE721-6412-445D-A1A3-E181C640D777}.Debug|Any CPU.ActiveCfg = Debug|Any CPU
		{B24EE721-6412-445D-A1A3-E181C640D777}.Debug|Any CPU.Build.0 = Debug|Any CPU
		{B24EE721-6412-445D-A1A3-E181C640D777}.Release|Any CPU.ActiveCfg = Release|Any CPU
		{B24EE721-6412-445D-A1A3-E181C640D777}.Release|Any CPU.Build.0 = Release|Any CPU
		{B49EE401-E816-40BE-BA37-13233D229B28}.Debug|Any CPU.ActiveCfg = Debug|Any CPU
		{B49EE401-E816-40BE-BA37-13233D229B28}.Debug|Any CPU.Build.0 = Debug|Any CPU
		{B49EE401-E816-40BE-BA37-13233D229B28}.Release|Any CPU.ActiveCfg = Release|Any CPU
		{B49EE401-E816-40BE-BA37-13233D229B28}.Release|Any CPU.Build.0 = Release|Any CPU
	EndGlobalSection
	GlobalSection(SolutionProperties) = preSolution
		HideSolutionNode = FALSE
	EndGlobalSection
	GlobalSection(ExtensibilityGlobals) = postSolution
		SolutionGuid = {1720EC15-506E-46F1-B7D2-924F94F92B7E}
	EndGlobalSection
EndGlobal
